
Microsoft Visual Studio Solution File, Format Version 12.00
# Visual Studio Version 17
VisualStudioVersion = 17.4.33213.308
MinimumVisualStudioVersion = 10.0.40219.1
Project("{FAE04EC0-301F-11D3-BF4B-00C04F79EFBC}") = "_253506_Stepanov", "_253506_Stepanov\_253506_Stepanov.csproj", "{4737CF69-A6CE-4251-B489-B2F3AF0AE480}"
EndProject
Project("{FAE04EC0-301F-11D3-BF4B-00C04F79EFBC}") = "task2", "task2\task2.csproj", "{E48A2A23-FC3D-4B7A-8ECF-613C33A7EA21}"
EndProject
Global
	GlobalSection(SolutionConfigurationPlatforms) = preSolution
		Debug|Any CPU = Debug|Any CPU
		Release|Any CPU = Release|Any CPU
	EndGlobalSection
	GlobalSection(ProjectConfigurationPlatforms) = postSolution
		{4737CF69-A6CE-4251-B489-B2F3AF0AE480}.Debug|Any CPU.ActiveCfg = Debug|Any CPU
		{4737CF69-A6CE-4251-B489-B2F3AF0AE480}.Debug|Any CPU.Build.0 = Debug|Any CPU
		{4737CF69-A6CE-4251-B489-B2F3AF0AE480}.Release|Any CPU.ActiveCfg = Release|Any CPU
		{4737CF69-A6CE-4251-B489-B2F3AF0AE480}.Release|Any CPU.Build.0 = Release|Any CPU
		{E48A2A23-FC3D-4B7A-8ECF-613C33A7EA21}.Debug|Any CPU.ActiveCfg = Debug|Any CPU
		{E48A2A23-FC3D-4B7A-8ECF-613C33A7EA21}.Debug|Any CPU.Build.0 = Debug|Any CPU
		{E48A2A23-FC3D-4B7A-8ECF-613C33A7EA21}.Release|Any CPU.ActiveCfg = Release|Any CPU
		{E48A2A23-FC3D-4B7A-8ECF-613C33A7EA21}.Release|Any CPU.Build.0 = Release|Any CPU
	EndGlobalSection
	GlobalSection(SolutionProperties) = preSolution
		HideSolutionNode = FALSE
	EndGlobalSection
	GlobalSection(ExtensibilityGlobals) = postSolution
		SolutionGuid = {93DAB51D-81AA-4772-87D3-12030197A01F}
	EndGlobalSection
EndGlobal
