
Microsoft Visual Studio Solution File, Format Version 12.00
# Visual Studio Version 17
VisualStudioVersion = 17.4.33213.308
MinimumVisualStudioVersion = 10.0.40219.1
Project("{FAE04EC0-301F-11D3-BF4B-00C04F79EFBC}") = "_253506_Stepanov", "_253506_Stepanov\_253506_Stepanov.csproj", "{3470DCE5-F571-49FA-AFB0-FD8F84C351D2}"
EndProject
Global
	GlobalSection(SolutionConfigurationPlatforms) = preSolution
		Debug|Any CPU = Debug|Any CPU
		Release|Any CPU = Release|Any CPU
	EndGlobalSection
	GlobalSection(ProjectConfigurationPlatforms) = postSolution
		{3470DCE5-F571-49FA-AFB0-FD8F84C351D2}.Debug|Any CPU.ActiveCfg = Debug|Any CPU
		{3470DCE5-F571-49FA-AFB0-FD8F84C351D2}.Debug|Any CPU.Build.0 = Debug|Any CPU
		{3470DCE5-F571-49FA-AFB0-FD8F84C351D2}.Release|Any CPU.ActiveCfg = Release|Any CPU
		{3470DCE5-F571-49FA-AFB0-FD8F84C351D2}.Release|Any CPU.Build.0 = Release|Any CPU
	EndGlobalSection
	GlobalSection(SolutionProperties) = preSolution
		HideSolutionNode = FALSE
	EndGlobalSection
	GlobalSection(ExtensibilityGlobals) = postSolution
		SolutionGuid = {51B41BDF-A7A0-4D51-9619-1CE028EE2400}
	EndGlobalSection
EndGlobal
